
Microsoft Visual Studio Solution File, Format Version 12.00
# Visual Studio Version 17
VisualStudioVersion = 17.9.34714.143
MinimumVisualStudioVersion = 10.0.40219.1
Project("{FAE04EC0-301F-11D3-BF4B-00C04F79EFBC}") = "SysProg01_Timers", "SysProg01_Timers.csproj", "{5082650C-EF92-4FFF-9EBF-636A22397EF6}"
EndProject
Global
	GlobalSection(SolutionConfigurationPlatforms) = preSolution
		Debug|Any CPU = Debug|Any CPU
		Release|Any CPU = Release|Any CPU
	EndGlobalSection
	GlobalSection(ProjectConfigurationPlatforms) = postSolution
		{5082650C-EF92-4FFF-9EBF-636A22397EF6}.Debug|Any CPU.ActiveCfg = Debug|Any CPU
		{5082650C-EF92-4FFF-9EBF-636A22397EF6}.Debug|Any CPU.Build.0 = Debug|Any CPU
		{5082650C-EF92-4FFF-9EBF-636A22397EF6}.Release|Any CPU.ActiveCfg = Release|Any CPU
		{5082650C-EF92-4FFF-9EBF-636A22397EF6}.Release|Any CPU.Build.0 = Release|Any CPU
	EndGlobalSection
	GlobalSection(SolutionProperties) = preSolution
		HideSolutionNode = FALSE
	EndGlobalSection
	GlobalSection(ExtensibilityGlobals) = postSolution
		SolutionGuid = {E14B38D9-8FEF-4B5E-AA41-CD706BEAFEA2}
	EndGlobalSection
EndGlobal
