
Microsoft Visual Studio Solution File, Format Version 12.00
# Visual Studio Version 17
VisualStudioVersion = 17.12.35521.163 d17.12
MinimumVisualStudioVersion = 10.0.40219.1
Project("{FAE04EC0-301F-11D3-BF4B-00C04F79EFBC}") = "DZ_Warehouse_26.12", "DZ_Warehouse_26.12\DZ_Warehouse_26.12.csproj", "{E508EE2C-9F41-4B6F-9301-8D92CEEEAB3C}"
EndProject
Global
	GlobalSection(SolutionConfigurationPlatforms) = preSolution
		Debug|Any CPU = Debug|Any CPU
		Release|Any CPU = Release|Any CPU
	EndGlobalSection
	GlobalSection(ProjectConfigurationPlatforms) = postSolution
		{E508EE2C-9F41-4B6F-9301-8D92CEEEAB3C}.Debug|Any CPU.ActiveCfg = Debug|Any CPU
		{E508EE2C-9F41-4B6F-9301-8D92CEEEAB3C}.Debug|Any CPU.Build.0 = Debug|Any CPU
		{E508EE2C-9F41-4B6F-9301-8D92CEEEAB3C}.Release|Any CPU.ActiveCfg = Release|Any CPU
		{E508EE2C-9F41-4B6F-9301-8D92CEEEAB3C}.Release|Any CPU.Build.0 = Release|Any CPU
	EndGlobalSection
	GlobalSection(SolutionProperties) = preSolution
		HideSolutionNode = FALSE
	EndGlobalSection
EndGlobal
